
Microsoft Visual Studio Solution File, Format Version 12.00
# Visual Studio Version 16
VisualStudioVersion = 16.0.29926.136
MinimumVisualStudioVersion = 10.0.40219.1
Project("{FAE04EC0-301F-11D3-BF4B-00C04F79EFBC}") = "WebDemoo", "WebDemoo\WebDemoo.csproj", "{A1D507BC-502C-4BF5-A975-5A2D04BC4841}"
EndProject
Project("{FAE04EC0-301F-11D3-BF4B-00C04F79EFBC}") = "ClientDemo", "ClientDemo\ClientDemo.csproj", "{9EB68E99-9D1F-49AC-AF78-BC278F421315}"
EndProject
Global
	GlobalSection(SolutionConfigurationPlatforms) = preSolution
		Debug|Any CPU = Debug|Any CPU
		Release|Any CPU = Release|Any CPU
	EndGlobalSection
	GlobalSection(ProjectConfigurationPlatforms) = postSolution
		{A1D507BC-502C-4BF5-A975-5A2D04BC4841}.Debug|Any CPU.ActiveCfg = Debug|Any CPU
		{A1D507BC-502C-4BF5-A975-5A2D04BC4841}.Debug|Any CPU.Build.0 = Debug|Any CPU
		{A1D507BC-502C-4BF5-A975-5A2D04BC4841}.Release|Any CPU.ActiveCfg = Release|Any CPU
		{A1D507BC-502C-4BF5-A975-5A2D04BC4841}.Release|Any CPU.Build.0 = Release|Any CPU
		{9EB68E99-9D1F-49AC-AF78-BC278F421315}.Debug|Any CPU.ActiveCfg = Debug|Any CPU
		{9EB68E99-9D1F-49AC-AF78-BC278F421315}.Debug|Any CPU.Build.0 = Debug|Any CPU
		{9EB68E99-9D1F-49AC-AF78-BC278F421315}.Release|Any CPU.ActiveCfg = Release|Any CPU
		{9EB68E99-9D1F-49AC-AF78-BC278F421315}.Release|Any CPU.Build.0 = Release|Any CPU
	EndGlobalSection
	GlobalSection(SolutionProperties) = preSolution
		HideSolutionNode = FALSE
	EndGlobalSection
	GlobalSection(ExtensibilityGlobals) = postSolution
		SolutionGuid = {2BE44C3B-0AF0-44EE-AD2C-33A6479622BA}
	EndGlobalSection
EndGlobal
